
Microsoft Visual Studio Solution File, Format Version 12.00
# Visual Studio Version 16
VisualStudioVersion = 16.0.31410.357
MinimumVisualStudioVersion = 10.0.40219.1
Project("{FAE04EC0-301F-11D3-BF4B-00C04F79EFBC}") = "ZackAutoMapperTest", "ZackAutoMapperTest\ZackAutoMapperTest.csproj", "{C8052728-171D-4CA1-9DA9-781A427375AB}"
EndProject
Project("{FAE04EC0-301F-11D3-BF4B-00C04F79EFBC}") = "ZackAutoMapperLibrary", "ZackAutoMapperLibrary\ZackAutoMapperLibrary.csproj", "{8B825207-977A-4599-B573-FA0262EBCDEF}"
EndProject
Global
	GlobalSection(SolutionConfigurationPlatforms) = preSolution
		Debug|Any CPU = Debug|Any CPU
		Release|Any CPU = Release|Any CPU
	EndGlobalSection
	GlobalSection(ProjectConfigurationPlatforms) = postSolution
		{C8052728-171D-4CA1-9DA9-781A427375AB}.Debug|Any CPU.ActiveCfg = Debug|Any CPU
		{C8052728-171D-4CA1-9DA9-781A427375AB}.Debug|Any CPU.Build.0 = Debug|Any CPU
		{C8052728-171D-4CA1-9DA9-781A427375AB}.Release|Any CPU.ActiveCfg = Release|Any CPU
		{C8052728-171D-4CA1-9DA9-781A427375AB}.Release|Any CPU.Build.0 = Release|Any CPU
		{8B825207-977A-4599-B573-FA0262EBCDEF}.Debug|Any CPU.ActiveCfg = Debug|Any CPU
		{8B825207-977A-4599-B573-FA0262EBCDEF}.Debug|Any CPU.Build.0 = Debug|Any CPU
		{8B825207-977A-4599-B573-FA0262EBCDEF}.Release|Any CPU.ActiveCfg = Release|Any CPU
		{8B825207-977A-4599-B573-FA0262EBCDEF}.Release|Any CPU.Build.0 = Release|Any CPU
	EndGlobalSection
	GlobalSection(SolutionProperties) = preSolution
		HideSolutionNode = FALSE
	EndGlobalSection
	GlobalSection(ExtensibilityGlobals) = postSolution
		SolutionGuid = {832E733F-7920-4B79-9A58-1B71C604E367}
	EndGlobalSection
EndGlobal
